uuid: 1de2eacc-ee6e-4716-85b6-19fb484d97b2
langcode: es
status: true
dependencies:
  config:
    - filter.format.full_html
  module:
    - ui_patterns
    - ui_patterns_blocks
  theme:
    - iobase
id: iobase_ctablock
theme: iobase
region: content
weight: -1
provider: null
plugin: 'ui_patterns:iobase:cta_block'
settings:
  id: 'ui_patterns:iobase:cta_block'
  label: 'CTA Block'
  label_display: '0'
  provider: ui_patterns_blocks
  ui_patterns:
    component_id: 'iobase:cta_block'
    variant_id: null
    props:
      attributes:
        source_id: attributes
        source:
          value: ''
      title:
        source_id: textfield
        source:
          value: 'Quiero mi turno'
      color:
        source_id: textfield
        source:
          value: '#1E6FA8'
    slots:
      content:
        sources:
          -
            source_id: wysiwyg
            source:
              value:
                value: '<h3>Nuestros horarios de atencion !&nbsp;</h3><ul><li data-list-item-id="ed33f954bc17b4ca573c2b5c33d87ecaf">Lunes a Viernes: 08:00 - 20:00&nbsp;</li><li data-list-item-id="e867aec2d4bccca0ffb4ef1f9080e0934">Sábados y Domingos: Cerrado</li><li data-list-item-id="e8ed88476711f29de8975a2647b6ea653">Direcciones: Urquiza 651 y Malvinas 91, Paraná, Entre Ríos</li></ul><h3>Urgencias</h3><ul><li data-list-item-id="e98bffd6e36575c6f0b5263e06bc84a25">Lunes a Viernes: Se coordinan con el médico que esté atendiendo.</li><li data-list-item-id="eb57b740f7e4dbe6fb5c48259a404cce1">Sábados y Domingos: Se coordina con el médico&nbsp;disponible, tiene un costo de $85.000,00 que debe ser abonado previo a la confirmación del turno.&nbsp;</li></ul>'
                format: full_html
            _weight: '0'
            node_id: ''
            third_party_settings: ''
          -
            source_id: component
            source:
              component:
                component_id: 'iobase:cta_whatsapp'
                variant_id:
                  source_id: select
                  source:
                    value: primary
                props:
                  attributes:
                    source_id: attributes
                    source:
                      value: ''
                  label:
                    source_id: textfield
                    source:
                      value: 'Turno por Whatsapp'
                  phone_number:
                    source_id: textfield
                    source:
                      value: '5493434582274'
                  pre_message:
                    source_id: textfield
                    source:
                      value: 'Hola quiero solicitar un turno'
                slots: {  }
                third_party_settings: ''
                node_id: ''
            _weight: '1'
            node_id: ''
            third_party_settings: ''
    third_party_settings: ''
    node_id: ''
visibility: {  }
