uuid: 6e6b5202-48d3-4007-a24d-06cf43894838
langcode: es
status: true
dependencies:
  module:
    - system
  theme:
    - iobase
id: iobase_designdirectionblock
theme: iobase
region: content
weight: -4
provider: null
plugin: 'block_content:1e324147-c64d-4561-b3ba-c460b086e1b8'
settings:
  id: 'block_content:1e324147-c64d-4561-b3ba-c460b086e1b8'
  label: 'Design Direction Block'
  label_display: '0'
  provider: block_content
  view_mode: full
visibility:
  request_path:
    id: request_path
    negate: false
    pages: /design-direction
